PODS:
  - IBAnimatable (1.2)
  - MonkeyKing (0.9.1)
  - SSKeychain (1.3.1)
  - VENTouchLock (1.11.0):
    - SSKeychain (~> 1.0)

DEPENDENCIES:
  - IBAnimatable
  - MonkeyKing
  - VENTouchLock

SPEC CHECKSUMS:
  IBAnimatable: bcebfaf34b041949da5ed668ac5ab2e28a4b2357
  MonkeyKing: 84d0f711a0e20eb104616d0b393a74efd5d9d9ad
  SSKeychain: 04c4ec40f4c3deda524e269bc76e5f30e638a174
  VENTouchLock: f3145d6fbff243d6692dfb1107b88db06dc216c9

COCOAPODS: 0.39.0
